
Microsoft Visual Studio Solution File, Format Version 12.00
# Visual Studio Version 17
VisualStudioVersion = 17.2.32630.192
MinimumVisualStudioVersion = 10.0.40219.1
Project("{9A19103F-16F7-4668-BE54-9A1E7A4F7556}") = "Try2", "Try2\Try2.csproj", "{416CBE6F-E17C-4603-A1AD-91AE82C1759F}"
EndProject
Project("{9A19103F-16F7-4668-BE54-9A1E7A4F7556}") = "Try2.Interfaces", "Try2.Interfaces\Try2.Interfaces.csproj", "{74D46256-0EE7-4435-9860-D7AAE7A14358}"
EndProject
Global
	GlobalSection(SolutionConfigurationPlatforms) = preSolution
		Debug|Any CPU = Debug|Any CPU
		Debug|x86 = Debug|x86
		Release|Any CPU = Release|Any CPU
		Release|x86 = Release|x86
	EndGlobalSection
	GlobalSection(ProjectConfigurationPlatforms) = postSolution
		{416CBE6F-E17C-4603-A1AD-91AE82C1759F}.Debug|Any CPU.ActiveCfg = Debug|Any CPU
		{416CBE6F-E17C-4603-A1AD-91AE82C1759F}.Debug|Any CPU.Build.0 = Debug|Any CPU
		{416CBE6F-E17C-4603-A1AD-91AE82C1759F}.Debug|x86.ActiveCfg = Debug|Any CPU
		{416CBE6F-E17C-4603-A1AD-91AE82C1759F}.Debug|x86.Build.0 = Debug|Any CPU
		{416CBE6F-E17C-4603-A1AD-91AE82C1759F}.Release|Any CPU.ActiveCfg = Release|Any CPU
		{416CBE6F-E17C-4603-A1AD-91AE82C1759F}.Release|Any CPU.Build.0 = Release|Any CPU
		{416CBE6F-E17C-4603-A1AD-91AE82C1759F}.Release|x86.ActiveCfg = Release|Any CPU
		{416CBE6F-E17C-4603-A1AD-91AE82C1759F}.Release|x86.Build.0 = Release|Any CPU
		{74D46256-0EE7-4435-9860-D7AAE7A14358}.Debug|Any CPU.ActiveCfg = Debug|Any CPU
		{74D46256-0EE7-4435-9860-D7AAE7A14358}.Debug|Any CPU.Build.0 = Debug|Any CPU
		{74D46256-0EE7-4435-9860-D7AAE7A14358}.Debug|x86.ActiveCfg = Debug|Any CPU
		{74D46256-0EE7-4435-9860-D7AAE7A14358}.Debug|x86.Build.0 = Debug|Any CPU
		{74D46256-0EE7-4435-9860-D7AAE7A14358}.Release|Any CPU.ActiveCfg = Release|Any CPU
		{74D46256-0EE7-4435-9860-D7AAE7A14358}.Release|Any CPU.Build.0 = Release|Any CPU
		{74D46256-0EE7-4435-9860-D7AAE7A14358}.Release|x86.ActiveCfg = Release|Any CPU
		{74D46256-0EE7-4435-9860-D7AAE7A14358}.Release|x86.Build.0 = Release|Any CPU
	EndGlobalSection
	GlobalSection(SolutionProperties) = preSolution
		HideSolutionNode = FALSE
	EndGlobalSection
	GlobalSection(ExtensibilityGlobals) = postSolution
		SolutionGuid = {434DEC66-21CC-4F7F-8CA2-79E47DF604A6}
	EndGlobalSection
EndGlobal
